{
  "version": 4,
  "terraform_version": "1.3.9",
  "serial": 16,
  "lineage": "ad0ae67a-6440-6898-a8c1-74f03538c8d6",
  "outputs": {},
  "resources": [
    {
      "module": "module.GKE-Cluster",
      "mode": "managed",
      "type": "google_container_cluster",
      "name": "default-cluster",
      "provider": "provider[\"registry.terraform.io/hashicorp/google\"]",
      "instances": [
        {
          "schema_version": 1,
          "attributes": {
            "addons_config": [
              {
                "cloudrun_config": [],
                "config_connector_config": [],
                "dns_cache_config": [],
                "gce_persistent_disk_csi_driver_config": [
                  {
                    "enabled": true
                  }
                ],
                "gcp_filestore_csi_driver_config": [],
                "gke_backup_agent_config": [],
                "horizontal_pod_autoscaling": [],
                "http_load_balancing": [
                  {
                    "disabled": true
                  }
                ],
                "network_policy_config": [
                  {
                    "disabled": true
                  }
                ]
              }
            ],
            "authenticator_groups_config": [],
            "binary_authorization": [
              {
                "enabled": false,
                "evaluation_mode": ""
              }
            ],
            "cluster_autoscaling": [
              {
                "auto_provisioning_defaults": [],
                "enabled": false,
                "resource_limits": []
              }
            ],
            "cluster_ipv4_cidr": "10.16.0.0/16",
            "confidential_nodes": [],
            "cost_management_config": [],
            "database_encryption": [
              {
                "key_name": "",
                "state": "DECRYPTED"
              }
            ],
            "datapath_provider": "",
            "default_max_pods_per_node": 110,
            "default_snat_status": [
              {
                "disabled": false
              }
            ],
            "description": "",
            "dns_config": [],
            "enable_autopilot": false,
            "enable_binary_authorization": false,
            "enable_intranode_visibility": false,
            "enable_kubernetes_alpha": false,
            "enable_l4_ilb_subsetting": false,
            "enable_legacy_abac": false,
            "enable_shielded_nodes": true,
            "enable_tpu": false,
            "endpoint": "172.16.0.2",
            "gateway_api_config": [],
            "id": "projects/hussein-ghoraba/locations/us-east1-b/clusters/python-cluster",
            "initial_node_count": 1,
            "ip_allocation_policy": [
              {
                "cluster_ipv4_cidr_block": "10.16.0.0/16",
                "cluster_secondary_range_name": "gke-python-cluster-pods-dc8640bf",
                "services_ipv4_cidr_block": "10.12.0.0/16",
                "services_secondary_range_name": "gke-python-cluster-services-dc8640bf"
              }
            ],
            "label_fingerprint": "a9dc16a7",
            "location": "us-east1-b",
            "logging_config": [
              {
                "enable_components": [
                  "SYSTEM_COMPONENTS",
                  "WORKLOADS"
                ]
              }
            ],
            "logging_service": "logging.googleapis.com/kubernetes",
            "maintenance_policy": [],
            "master_auth": [
              {
                "client_certificate": "",
                "client_certificate_config": [
                  {
                    "issue_client_certificate": false
                  }
                ],
                "client_key": "",
                "cluster_ca_certificate": "LS0tLS1CRUdJTiBDRVJUSUZJQ0FURS0tLS0tCk1JSUVMVENDQXBXZ0F3SUJBZ0lSQU90OFNBaUdjU0h3Wk1RMFBNZC83UXd3RFFZSktvWklodmNOQVFFTEJRQXcKTHpFdE1Dc0dBMVVFQXhNa09UWXhNelkwWkRRdE5tVm1PUzAwWWpNMkxUazROak10Tnprek9EZGhPVFE1TldVNQpNQ0FYRFRJek1ESXlNakE0TkRVeE0xb1lEekl3TlRNd01qRTBNRGswTlRFeldqQXZNUzB3S3dZRFZRUURFeVE1Ck5qRXpOalJrTkMwMlpXWTVMVFJpTXpZdE9UZzJNeTAzT1RNNE4yRTVORGsxWlRrd2dnR2lNQTBHQ1NxR1NJYjMKRFFFQkFRVUFBNElCandBd2dnR0tBb0lCZ1FDa3huSVNxd0F5bzNFbnRSQUR5MkRjaGc2OTFtSWlPRXZwdnBVLwpBYlZnUVhFNG1zbTNRRmRHbkVhUldQZ2JWUFRKMlFJdEREZVdYRVNKN3N5TlVMYUg3N0s5bm9ONVFEZjlRaEY1CjBPT1FES2F2VTV2MVlKamVDcEU2SHdMaUlyeW8zRlZZZkp4NjUwbG5KS0ZpMWdJSFMvci9CMDU2ZlBFSWVJYWwKMXBNMjQ3d2UxTmJxRG9lUWZicGVnaXZJd05MZDZManVSM2hGYXR1N3hWWStpQ09MZ0FJQzRKb05IRDVQTXo5VwpvRlR6V05CN3B3TzZVTm9QWGV5aGMzYi9kSUpwSVRXbmhlVFZqQ0ZkOGE0NE53SDBwZWRxbFdBVlFmVHZCTVloCjJodWtOTmtEMFlQSTM1R1AyTmg4RWJJYVVJMXo1UG1CVEUxLzZYVFZuNStSa3RTOStzTEl2TkNMZDNLTTJVTUkKM0lWL2VKSUcybkxqQ3RpVEYrK0hyNXR3dTRGMHppaUkrMjlhM0pnVTY5SHczYlE5M1JiMktQTVFGTVI5SVNWcQpIK0daa215VHphbFAvOFdPaUxVMDRXR2R0bmYvekZyUU9iMFUxQnhnNHJxeThLNzBWYk0zN3cwVTJYWG1YTDloCktLSVJEdkdQOXhYanBXZHVZd24vYjg0NVRGa0NBd0VBQWFOQ01FQXdEZ1lEVlIwUEFRSC9CQVFEQWdJRU1BOEcKQTFVZEV3RUIvd1FGTUFNQkFmOHdIUVlEVlIwT0JCWUVGUEFjS294VllNWDFtUElFWlNBTWNkdmJPVElwTUEwRwpDU3FHU0liM0RRRUJDd1VBQTRJQmdRQ1FHcGc3aHFQbUxLZTB0VDZreXlpc2ZtaU1JV2s5T3BYQVVyb2tCMCtpCmNGYUJubFlQRGYwcUxzWW9SNUU5aUJlRWFhWnh0ZHBqU21mSm9EdTRRTVRkeWhlU0NmT3NTOGVlNmcva0F2K1IKc0YzTUN1S0piYzVtc1dUTzIzQkp2QlU0aWJ4d3Jsd1RydGdwSThwdWg5QU9sN0h1VEJOS2RiVDZlVHZrd0dkWgpTRFJQOGsra3MxYkYzQlJCTnZwNjRzUlRYUWwxVlRNT3dJVnJCZ2YybkE1a29kUFB2eTJIcVF3ZmtvcGFOcHgzCkpnNXNpV2VXQlF4WTJRQWh1YzJaYk9VN09CbW9LRkJZdWs2MlNDK3c5RFRLZnZZLzBEcE5jWW5FT0NuTEFzRWQKdmpsRml3M213N3ExbEFnWW5YMC84RGpqWnlManM4WkNEckFxY2crdlgyR2wwZG03emxlaXJZdlgxalRrWkF1aAovTDgzM1RSSzFWRGQ1bUhqcUJBR0lmaVo3WjNFREJhRGN5SXBmaFdDdy8zSkZrT0RsN2w2c1Uwem9NVUJ1U2l2CjJCM0tnR2VKdFZoWHFJRTNiWlJ2eERUM3lnYXM1UzE3aERBK215SXlOMjdLazFzaEd1UEpPUUtNTHdGMWs5TjcKYThZU25XQUo1Z0FNdTRLSFo2WGlSRzA9Ci0tLS0tRU5EIENFUlRJRklDQVRFLS0tLS0K"
              }
            ],
            "master_authorized_networks_config": [
              {
                "cidr_blocks": [
                  {
                    "cidr_block": "10.0.1.0/24",
                    "display_name": "management-cidr"
                  }
                ],
                "gcp_public_cidrs_access_enabled": false
              }
            ],
            "master_version": "1.24.9-gke.2000",
            "mesh_certificates": [],
            "min_master_version": null,
            "monitoring_config": [
              {
                "enable_components": [
                  "SYSTEM_COMPONENTS"
                ],
                "managed_prometheus": []
              }
            ],
            "monitoring_service": "monitoring.googleapis.com/kubernetes",
            "name": "python-cluster",
            "network": "projects/hussein-ghoraba/global/networks/vpc-main",
            "network_policy": [
              {
                "enabled": false,
                "provider": "PROVIDER_UNSPECIFIED"
              }
            ],
            "networking_mode": "VPC_NATIVE",
            "node_config": [
              {
                "boot_disk_kms_key": "",
                "disk_size_gb": 100,
                "disk_type": "pd-balanced",
                "gcfs_config": [],
                "guest_accelerator": [],
                "gvnic": [],
                "image_type": "COS_CONTAINERD",
                "kubelet_config": [],
                "labels": {},
                "linux_node_config": [],
                "local_ssd_count": 0,
                "logging_variant": "DEFAULT",
                "machine_type": "e2-micro",
                "metadata": {
                  "disable-legacy-endpoints": "true"
                },
                "min_cpu_platform": "",
                "node_group": "",
                "oauth_scopes": [
                  "https://www.googleapis.com/auth/cloud-platform"
                ],
                "preemptible": true,
                "reservation_affinity": [],
                "resource_labels": {},
                "service_account": "gke-service-account@hussein-ghoraba.iam.gserviceaccount.com",
                "shielded_instance_config": [
                  {
                    "enable_integrity_monitoring": true,
                    "enable_secure_boot": false
                  }
                ],
                "spot": false,
                "tags": [],
                "taint": [],
                "workload_metadata_config": []
              }
            ],
            "node_locations": [],
            "node_pool": [
              {
                "autoscaling": [],
                "initial_node_count": 1,
                "instance_group_urls": [
                  "https://www.googleapis.com/compute/v1/projects/hussein-ghoraba/zones/us-east1-b/instanceGroupManagers/gke-python-cluster-node-pool-one-6a35df5e-grp"
                ],
                "managed_instance_group_urls": [
                  "https://www.googleapis.com/compute/v1/projects/hussein-ghoraba/zones/us-east1-b/instanceGroups/gke-python-cluster-node-pool-one-6a35df5e-grp"
                ],
                "management": [
                  {
                    "auto_repair": true,
                    "auto_upgrade": true
                  }
                ],
                "max_pods_per_node": 110,
                "name": "node-pool-one",
                "name_prefix": "",
                "network_config": [
                  {
                    "create_pod_range": false,
                    "enable_private_nodes": false,
                    "pod_ipv4_cidr_block": "10.16.0.0/16",
                    "pod_range": "gke-python-cluster-pods-dc8640bf"
                  }
                ],
                "node_config": [
                  {
                    "boot_disk_kms_key": "",
                    "disk_size_gb": 100,
                    "disk_type": "pd-balanced",
                    "gcfs_config": [],
                    "guest_accelerator": [],
                    "gvnic": [],
                    "image_type": "COS_CONTAINERD",
                    "kubelet_config": [],
                    "labels": {},
                    "linux_node_config": [],
                    "local_ssd_count": 0,
                    "logging_variant": "DEFAULT",
                    "machine_type": "e2-micro",
                    "metadata": {
                      "disable-legacy-endpoints": "true"
                    },
                    "min_cpu_platform": "",
                    "node_group": "",
                    "oauth_scopes": [
                      "https://www.googleapis.com/auth/cloud-platform"
                    ],
                    "preemptible": true,
                    "reservation_affinity": [],
                    "resource_labels": {},
                    "service_account": "gke-service-account@hussein-ghoraba.iam.gserviceaccount.com",
                    "shielded_instance_config": [
                      {
                        "enable_integrity_monitoring": true,
                        "enable_secure_boot": false
                      }
                    ],
                    "spot": false,
                    "tags": [],
                    "taint": [],
                    "workload_metadata_config": []
                  }
                ],
                "node_count": 1,
                "node_locations": [
                  "us-east1-b"
                ],
                "placement_policy": [],
                "upgrade_settings": [
                  {
                    "blue_green_settings": [],
                    "max_surge": 1,
                    "max_unavailable": 0,
                    "strategy": "SURGE"
                  }
                ],
                "version": "1.24.9-gke.2000"
              }
            ],
            "node_pool_defaults": [
              {
                "node_config_defaults": [
                  {
                    "logging_variant": "DEFAULT"
                  }
                ]
              }
            ],
            "node_version": "1.24.9-gke.2000",
            "notification_config": [
              {
                "pubsub": [
                  {
                    "enabled": false,
                    "filter": [],
                    "topic": ""
                  }
                ]
              }
            ],
            "operation": null,
            "private_cluster_config": [
              {
                "enable_private_endpoint": true,
                "enable_private_nodes": true,
                "master_global_access_config": [
                  {
                    "enabled": false
                  }
                ],
                "master_ipv4_cidr_block": "172.16.0.0/28",
                "peering_name": "gke-n653c163e01b318cbd68-6383-56db-peer",
                "private_endpoint": "172.16.0.2",
                "private_endpoint_subnetwork": "",
                "public_endpoint": "34.75.252.142"
              }
            ],
            "private_ipv6_google_access": "",
            "project": "hussein-ghoraba",
            "release_channel": [
              {
                "channel": "REGULAR"
              }
            ],
            "remove_default_node_pool": true,
            "resource_labels": {},
            "resource_usage_export_config": [],
            "self_link": "https://container.googleapis.com/v1/projects/hussein-ghoraba/zones/us-east1-b/clusters/python-cluster",
            "service_external_ips_config": [
              {
                "enabled": false
              }
            ],
            "services_ipv4_cidr": "10.12.0.0/16",
            "subnetwork": "projects/hussein-ghoraba/regions/us-east1/subnetworks/restricted-subnet",
            "timeouts": null,
            "tpu_ipv4_cidr_block": "",
            "vertical_pod_autoscaling": [],
            "workload_identity_config": []
          },
          "sensitive_attributes": [],
          "private": "eyJlMmJmYjczMC1lY2FhLTExZTYtOGY4OC0zNDM2M2JjN2M0YzAiOnsiY3JlYXRlIjoyNDAwMDAwMDAwMDAwLCJkZWxldGUiOjI0MDAwMDAwMDAwMDAsInJlYWQiOjI0MDAwMDAwMDAwMDAsInVwZGF0ZSI6MzYwMDAwMDAwMDAwMH0sInNjaGVtYV92ZXJzaW9uIjoiMSJ9",
          "dependencies": [
            "module.my-vpc.google_compute_network.vpc_network",
            "module.restricted-subnet.google_compute_subnetwork.default-subnet"
          ]
        }
      ]
    },
    {
      "module": "module.GKE-Cluster",
      "mode": "managed",
      "type": "google_container_node_pool",
      "name": "nodepool",
      "provider": "provider[\"registry.terraform.io/hashicorp/google\"]",
      "instances": [
        {
          "schema_version": 1,
          "attributes": {
            "autoscaling": [],
            "cluster": "projects/hussein-ghoraba/locations/us-east1-b/clusters/python-cluster",
            "id": "projects/hussein-ghoraba/locations/us-east1-b/clusters/python-cluster/nodePools/node-pool-one",
            "initial_node_count": 2,
            "instance_group_urls": [
              "https://www.googleapis.com/compute/v1/projects/hussein-ghoraba/zones/us-east1-b/instanceGroupManagers/gke-python-cluster-node-pool-one-6a35df5e-grp"
            ],
            "location": "us-east1-b",
            "managed_instance_group_urls": [
              "https://www.googleapis.com/compute/v1/projects/hussein-ghoraba/zones/us-east1-b/instanceGroups/gke-python-cluster-node-pool-one-6a35df5e-grp"
            ],
            "management": [
              {
                "auto_repair": true,
                "auto_upgrade": true
              }
            ],
            "max_pods_per_node": 110,
            "name": "node-pool-one",
            "name_prefix": "",
            "network_config": [
              {
                "create_pod_range": false,
                "enable_private_nodes": false,
                "pod_ipv4_cidr_block": "10.16.0.0/16",
                "pod_range": "gke-python-cluster-pods-dc8640bf"
              }
            ],
            "node_config": [
              {
                "boot_disk_kms_key": "",
                "disk_size_gb": 100,
                "disk_type": "pd-balanced",
                "gcfs_config": [],
                "guest_accelerator": [],
                "gvnic": [],
                "image_type": "COS_CONTAINERD",
                "kubelet_config": [],
                "labels": {},
                "linux_node_config": [],
                "local_ssd_count": 0,
                "logging_variant": "DEFAULT",
                "machine_type": "e2-micro",
                "metadata": {
                  "disable-legacy-endpoints": "true"
                },
                "min_cpu_platform": "",
                "node_group": "",
                "oauth_scopes": [
                  "https://www.googleapis.com/auth/cloud-platform"
                ],
                "preemptible": true,
                "reservation_affinity": [],
                "resource_labels": {},
                "service_account": "gke-service-account@hussein-ghoraba.iam.gserviceaccount.com",
                "shielded_instance_config": [
                  {
                    "enable_integrity_monitoring": true,
                    "enable_secure_boot": false
                  }
                ],
                "spot": false,
                "tags": [],
                "taint": [],
                "workload_metadata_config": []
              }
            ],
            "node_count": 2,
            "node_locations": [
              "us-east1-b"
            ],
            "operation": null,
            "placement_policy": [],
            "project": "hussein-ghoraba",
            "timeouts": null,
            "upgrade_settings": [
              {
                "blue_green_settings": [],
                "max_surge": 1,
                "max_unavailable": 0,
                "strategy": "SURGE"
              }
            ],
            "version": "1.24.9-gke.2000"
          },
          "sensitive_attributes": [],
          "private": "eyJlMmJmYjczMC1lY2FhLTExZTYtOGY4OC0zNDM2M2JjN2M0YzAiOnsiY3JlYXRlIjoxODAwMDAwMDAwMDAwLCJkZWxldGUiOjE4MDAwMDAwMDAwMDAsInVwZGF0ZSI6MTgwMDAwMDAwMDAwMH0sInNjaGVtYV92ZXJzaW9uIjoiMSJ9",
          "dependencies": [
            "module.GKE-Cluster.google_container_cluster.default-cluster",
            "module.GKE-SA.google_service_account.default-SA"
          ]
        }
      ]
    },
    {
      "module": "module.GKE-SA",
      "mode": "managed",
      "type": "google_project_iam_member",
      "name": "iam-roles",
      "provider": "provider[\"registry.terraform.io/hashicorp/google\"]",
      "instances": [
        {
          "schema_version": 0,
          "attributes": {
            "condition": [],
            "etag": "BwX1Rr+k2B4=",
            "id": "hussein-ghoraba/roles/storage.objectViewer/serviceAccount:gke-service-account@hussein-ghoraba.iam.gserviceaccount.com",
            "member": "serviceAccount:gke-service-account@hussein-ghoraba.iam.gserviceaccount.com",
            "project": "hussein-ghoraba",
            "role": "roles/storage.objectViewer"
          },
          "sensitive_attributes": [],
          "private": "bnVsbA==",
          "dependencies": [
            "module.GKE-SA.google_service_account.default-SA"
          ]
        }
      ]
    },
    {
      "module": "module.GKE-SA",
      "mode": "managed",
      "type": "google_service_account",
      "name": "default-SA",
      "provider": "provider[\"registry.terraform.io/hashicorp/google\"]",
      "instances": [
        {
          "schema_version": 0,
          "attributes": {
            "account_id": "gke-service-account",
            "description": "",
            "disabled": false,
            "display_name": "gke-service-account",
            "email": "gke-service-account@hussein-ghoraba.iam.gserviceaccount.com",
            "id": "projects/hussein-ghoraba/serviceAccounts/gke-service-account@hussein-ghoraba.iam.gserviceaccount.com",
            "member": "serviceAccount:gke-service-account@hussein-ghoraba.iam.gserviceaccount.com",
            "name": "projects/hussein-ghoraba/serviceAccounts/gke-service-account@hussein-ghoraba.iam.gserviceaccount.com",
            "project": "hussein-ghoraba",
            "timeouts": null,
            "unique_id": "106802527319072935559"
          },
          "sensitive_attributes": [],
          "private": "eyJlMmJmYjczMC1lY2FhLTExZTYtOGY4OC0zNDM2M2JjN2M0YzAiOnsiY3JlYXRlIjozMDAwMDAwMDAwMDB9fQ=="
        }
      ]
    },
    {
      "module": "module.VM-SA",
      "mode": "managed",
      "type": "google_project_iam_member",
      "name": "iam-roles",
      "provider": "provider[\"registry.terraform.io/hashicorp/google\"]",
      "instances": [
        {
          "schema_version": 0,
          "attributes": {
            "condition": [],
            "etag": "BwX1Rr+k2B4=",
            "id": "hussein-ghoraba/roles/container.admin/serviceAccount:vm-service-account@hussein-ghoraba.iam.gserviceaccount.com",
            "member": "serviceAccount:vm-service-account@hussein-ghoraba.iam.gserviceaccount.com",
            "project": "hussein-ghoraba",
            "role": "roles/container.admin"
          },
          "sensitive_attributes": [],
          "private": "bnVsbA==",
          "dependencies": [
            "module.VM-SA.google_service_account.default-SA"
          ]
        }
      ]
    },
    {
      "module": "module.VM-SA",
      "mode": "managed",
      "type": "google_service_account",
      "name": "default-SA",
      "provider": "provider[\"registry.terraform.io/hashicorp/google\"]",
      "instances": [
        {
          "schema_version": 0,
          "attributes": {
            "account_id": "vm-service-account",
            "description": "",
            "disabled": false,
            "display_name": "vm-service-account",
            "email": "vm-service-account@hussein-ghoraba.iam.gserviceaccount.com",
            "id": "projects/hussein-ghoraba/serviceAccounts/vm-service-account@hussein-ghoraba.iam.gserviceaccount.com",
            "member": "serviceAccount:vm-service-account@hussein-ghoraba.iam.gserviceaccount.com",
            "name": "projects/hussein-ghoraba/serviceAccounts/vm-service-account@hussein-ghoraba.iam.gserviceaccount.com",
            "project": "hussein-ghoraba",
            "timeouts": null,
            "unique_id": "103675390246792894124"
          },
          "sensitive_attributes": [],
          "private": "eyJlMmJmYjczMC1lY2FhLTExZTYtOGY4OC0zNDM2M2JjN2M0YzAiOnsiY3JlYXRlIjozMDAwMDAwMDAwMDB9fQ=="
        }
      ]
    },
    {
      "module": "module.management-subnet",
      "mode": "managed",
      "type": "google_compute_subnetwork",
      "name": "default-subnet",
      "provider": "provider[\"registry.terraform.io/hashicorp/google\"]",
      "instances": [
        {
          "schema_version": 0,
          "attributes": {
            "creation_timestamp": "2023-02-22T01:45:00.120-08:00",
            "description": "",
            "external_ipv6_prefix": "",
            "fingerprint": null,
            "gateway_address": "10.0.1.1",
            "id": "projects/hussein-ghoraba/regions/us-east1/subnetworks/management-subnet",
            "ip_cidr_range": "10.0.1.0/24",
            "ipv6_access_type": "",
            "ipv6_cidr_range": "",
            "log_config": [],
            "name": "management-subnet",
            "network": "https://www.googleapis.com/compute/v1/projects/hussein-ghoraba/global/networks/vpc-main",
            "private_ip_google_access": false,
            "private_ipv6_google_access": "DISABLE_GOOGLE_ACCESS",
            "project": "hussein-ghoraba",
            "purpose": "PRIVATE",
            "region": "us-east1",
            "role": "",
            "secondary_ip_range": [],
            "self_link": "https://www.googleapis.com/compute/v1/projects/hussein-ghoraba/regions/us-east1/subnetworks/management-subnet",
            "stack_type": "IPV4_ONLY",
            "timeouts": null
          },
          "sensitive_attributes": [],
          "private": "eyJlMmJmYjczMC1lY2FhLTExZTYtOGY4OC0zNDM2M2JjN2M0YzAiOnsiY3JlYXRlIjoxMjAwMDAwMDAwMDAwLCJkZWxldGUiOjEyMDAwMDAwMDAwMDAsInVwZGF0ZSI6MTIwMDAwMDAwMDAwMH19",
          "dependencies": [
            "module.my-vpc.google_compute_network.vpc_network"
          ]
        }
      ]
    },
    {
      "module": "module.my-vpc",
      "mode": "managed",
      "type": "google_compute_firewall",
      "name": "IAP-firewall",
      "provider": "provider[\"registry.terraform.io/hashicorp/google\"]",
      "instances": [
        {
          "schema_version": 1,
          "attributes": {
            "allow": [
              {
                "ports": [
                  "22",
                  "80"
                ],
                "protocol": "tcp"
              }
            ],
            "creation_timestamp": "2023-02-22T01:44:59.813-08:00",
            "deny": [],
            "description": "",
            "destination_ranges": [],
            "direction": "INGRESS",
            "disabled": false,
            "enable_logging": null,
            "id": "projects/hussein-ghoraba/global/firewalls/iap-allow-access",
            "log_config": [],
            "name": "iap-allow-access",
            "network": "https://www.googleapis.com/compute/v1/projects/hussein-ghoraba/global/networks/vpc-main",
            "priority": 1000,
            "project": "hussein-ghoraba",
            "self_link": "https://www.googleapis.com/compute/v1/projects/hussein-ghoraba/global/firewalls/iap-allow-access",
            "source_ranges": [
              "35.235.240.0/20"
            ],
            "source_service_accounts": [],
            "source_tags": [],
            "target_service_accounts": [],
            "target_tags": [],
            "timeouts": null
          },
          "sensitive_attributes": [],
          "private": "eyJlMmJmYjczMC1lY2FhLTExZTYtOGY4OC0zNDM2M2JjN2M0YzAiOnsiY3JlYXRlIjoxMjAwMDAwMDAwMDAwLCJkZWxldGUiOjEyMDAwMDAwMDAwMDAsInVwZGF0ZSI6MTIwMDAwMDAwMDAwMH0sInNjaGVtYV92ZXJzaW9uIjoiMSJ9",
          "dependencies": [
            "module.my-vpc.google_compute_network.vpc_network"
          ]
        }
      ]
    },
    {
      "module": "module.my-vpc",
      "mode": "managed",
      "type": "google_compute_network",
      "name": "vpc_network",
      "provider": "provider[\"registry.terraform.io/hashicorp/google\"]",
      "instances": [
        {
          "schema_version": 0,
          "attributes": {
            "auto_create_subnetworks": false,
            "delete_default_routes_on_create": false,
            "description": "",
            "enable_ula_internal_ipv6": false,
            "gateway_ipv4": "",
            "id": "projects/hussein-ghoraba/global/networks/vpc-main",
            "internal_ipv6_range": "",
            "mtu": 0,
            "name": "vpc-main",
            "project": "hussein-ghoraba",
            "routing_mode": "REGIONAL",
            "self_link": "https://www.googleapis.com/compute/v1/projects/hussein-ghoraba/global/networks/vpc-main",
            "timeouts": null
          },
          "sensitive_attributes": [],
          "private": "eyJlMmJmYjczMC1lY2FhLTExZTYtOGY4OC0zNDM2M2JjN2M0YzAiOnsiY3JlYXRlIjoxMjAwMDAwMDAwMDAwLCJkZWxldGUiOjEyMDAwMDAwMDAwMDAsInVwZGF0ZSI6MTIwMDAwMDAwMDAwMH19"
        }
      ]
    },
    {
      "module": "module.natgateway",
      "mode": "managed",
      "type": "google_compute_router",
      "name": "nat-router",
      "provider": "provider[\"registry.terraform.io/hashicorp/google\"]",
      "instances": [
        {
          "schema_version": 0,
          "attributes": {
            "bgp": [],
            "creation_timestamp": "2023-02-22T01:45:13.041-08:00",
            "description": "",
            "encrypted_interconnect_router": false,
            "id": "projects/hussein-ghoraba/regions/us-east1/routers/router-01",
            "name": "router-01",
            "network": "https://www.googleapis.com/compute/v1/projects/hussein-ghoraba/global/networks/vpc-main",
            "project": "hussein-ghoraba",
            "region": "us-east1",
            "self_link": "https://www.googleapis.com/compute/v1/projects/hussein-ghoraba/regions/us-east1/routers/router-01",
            "timeouts": null
          },
          "sensitive_attributes": [],
          "private": "eyJlMmJmYjczMC1lY2FhLTExZTYtOGY4OC0zNDM2M2JjN2M0YzAiOnsiY3JlYXRlIjoxMjAwMDAwMDAwMDAwLCJkZWxldGUiOjEyMDAwMDAwMDAwMDAsInVwZGF0ZSI6MTIwMDAwMDAwMDAwMH19",
          "dependencies": [
            "module.management-subnet.google_compute_subnetwork.default-subnet",
            "module.my-vpc.google_compute_network.vpc_network"
          ]
        }
      ]
    },
    {
      "module": "module.natgateway",
      "mode": "managed",
      "type": "google_compute_router_nat",
      "name": "my-nat",
      "provider": "provider[\"registry.terraform.io/hashicorp/google\"]",
      "instances": [
        {
          "schema_version": 0,
          "attributes": {
            "drain_nat_ips": [],
            "enable_dynamic_port_allocation": false,
            "enable_endpoint_independent_mapping": true,
            "icmp_idle_timeout_sec": 30,
            "id": "hussein-ghoraba/us-east1/router-01/mangement-nat",
            "log_config": [
              {
                "enable": true,
                "filter": "ERRORS_ONLY"
              }
            ],
            "max_ports_per_vm": 0,
            "min_ports_per_vm": 0,
            "name": "mangement-nat",
            "nat_ip_allocate_option": "AUTO_ONLY",
            "nat_ips": [],
            "project": "hussein-ghoraba",
            "region": "us-east1",
            "router": "router-01",
            "rules": [],
            "source_subnetwork_ip_ranges_to_nat": "LIST_OF_SUBNETWORKS",
            "subnetwork": [
              {
                "name": "https://www.googleapis.com/compute/v1/projects/hussein-ghoraba/regions/us-east1/subnetworks/management-subnet",
                "secondary_ip_range_names": [],
                "source_ip_ranges_to_nat": [
                  "ALL_IP_RANGES"
                ]
              }
            ],
            "tcp_established_idle_timeout_sec": 1200,
            "tcp_time_wait_timeout_sec": 120,
            "tcp_transitory_idle_timeout_sec": 30,
            "timeouts": null,
            "udp_idle_timeout_sec": 30
          },
          "sensitive_attributes": [],
          "private": "eyJlMmJmYjczMC1lY2FhLTExZTYtOGY4OC0zNDM2M2JjN2M0YzAiOnsiY3JlYXRlIjoxMjAwMDAwMDAwMDAwLCJkZWxldGUiOjEyMDAwMDAwMDAwMDAsInVwZGF0ZSI6MTIwMDAwMDAwMDAwMH19",
          "dependencies": [
            "module.management-subnet.google_compute_subnetwork.default-subnet",
            "module.my-vpc.google_compute_network.vpc_network",
            "module.natgateway.google_compute_router.nat-router"
          ]
        }
      ]
    },
    {
      "module": "module.restricted-subnet",
      "mode": "managed",
      "type": "google_compute_subnetwork",
      "name": "default-subnet",
      "provider": "provider[\"registry.terraform.io/hashicorp/google\"]",
      "instances": [
        {
          "schema_version": 0,
          "attributes": {
            "creation_timestamp": "2023-02-22T01:45:00.326-08:00",
            "description": "",
            "external_ipv6_prefix": "",
            "fingerprint": null,
            "gateway_address": "10.0.2.1",
            "id": "projects/hussein-ghoraba/regions/us-east1/subnetworks/restricted-subnet",
            "ip_cidr_range": "10.0.2.0/24",
            "ipv6_access_type": "",
            "ipv6_cidr_range": "",
            "log_config": [],
            "name": "restricted-subnet",
            "network": "https://www.googleapis.com/compute/v1/projects/hussein-ghoraba/global/networks/vpc-main",
            "private_ip_google_access": true,
            "private_ipv6_google_access": "DISABLE_GOOGLE_ACCESS",
            "project": "hussein-ghoraba",
            "purpose": "PRIVATE",
            "region": "us-east1",
            "role": "",
            "secondary_ip_range": [
              {
                "ip_cidr_range": "10.12.0.0/16",
                "range_name": "gke-python-cluster-services-dc8640bf"
              },
              {
                "ip_cidr_range": "10.16.0.0/16",
                "range_name": "gke-python-cluster-pods-dc8640bf"
              }
            ],
            "self_link": "https://www.googleapis.com/compute/v1/projects/hussein-ghoraba/regions/us-east1/subnetworks/restricted-subnet",
            "stack_type": "IPV4_ONLY",
            "timeouts": null
          },
          "sensitive_attributes": [],
          "private": "eyJlMmJmYjczMC1lY2FhLTExZTYtOGY4OC0zNDM2M2JjN2M0YzAiOnsiY3JlYXRlIjoxMjAwMDAwMDAwMDAwLCJkZWxldGUiOjEyMDAwMDAwMDAwMDAsInVwZGF0ZSI6MTIwMDAwMDAwMDAwMH19",
          "dependencies": [
            "module.my-vpc.google_compute_network.vpc_network"
          ]
        }
      ]
    },
    {
      "module": "module.vm-private",
      "mode": "managed",
      "type": "google_compute_instance",
      "name": "private-vm",
      "provider": "provider[\"registry.terraform.io/hashicorp/google\"]",
      "instances": [
        {
          "schema_version": 6,
          "attributes": {
            "advanced_machine_features": [],
            "allow_stopping_for_update": null,
            "attached_disk": [],
            "boot_disk": [
              {
                "auto_delete": true,
                "device_name": "persistent-disk-0",
                "disk_encryption_key_raw": "",
                "disk_encryption_key_sha256": "",
                "initialize_params": [
                  {
                    "image": "https://www.googleapis.com/compute/v1/projects/ubuntu-os-cloud/global/images/ubuntu-2204-jammy-v20230214",
                    "labels": {},
                    "size": 10,
                    "type": "pd-standard"
                  }
                ],
                "kms_key_self_link": "",
                "mode": "READ_WRITE",
                "source": "https://www.googleapis.com/compute/v1/projects/hussein-ghoraba/zones/us-east1-b/disks/instance-management"
              }
            ],
            "can_ip_forward": false,
            "confidential_instance_config": [],
            "cpu_platform": "Intel Broadwell",
            "current_status": "RUNNING",
            "deletion_protection": false,
            "description": "",
            "desired_status": null,
            "enable_display": false,
            "guest_accelerator": [],
            "hostname": "",
            "id": "projects/hussein-ghoraba/zones/us-east1-b/instances/instance-management",
            "instance_id": "4396753256678185669",
            "label_fingerprint": "42WmSpB8rSM=",
            "labels": {},
            "machine_type": "e2-micro",
            "metadata": {
              "enable-oslogin": "TRUE"
            },
            "metadata_fingerprint": "jLb0HB5tcns=",
            "metadata_startup_script": "#!/bin/bash\n#Preperation to install gcloud and kubectl into the vm\n\n#install gcloud to the private vm\nsudo apt-get install  -y apt-transport-https ca-certificates gnupg\necho \"deb [signed-by=/usr/share/keyrings/cloud.google.gpg] https://packages.cloud.google.com/apt cloud-sdk main\" | sudo tee -a /etc/apt/sources.list.d/google-cloud-sdk.list\ncurl https://packages.cloud.google.com/apt/doc/apt-key.gpg | sudo apt-key --keyring /usr/share/keyrings/cloud.google.gpg add -\nsudo apt-get update \u0026\u0026 sudo apt-get install google-cloud -y\n\n#install kubernetes to the private vm\ncurl -LO \"https://dl.k8s.io/release/$(curl -L -s https://dl.k8s.io/release/stable.txt)/bin/linux/amd64/kubectl\"\ncurl -LO \"https://dl.k8s.io/$(curl -L -s https://dl.k8s.io/release/stable.txt)/bin/linux/amd64/kubectl.sha256\"\necho \"$(cat kubectl.sha256)  kubectl\" | sha256sum --check\nsudo install -o root -g root -m 0755 kubectl /usr/local/bin/kubectl\n\n#handle configuration of the kubectl \nchmod +x kubectl\nmkdir -p ~/.local/bin\nmv ./kubectl ~/.local/bin/kubectl\nkubectl version --client\n\n#install gcloud plugin of gke\nsudo apt-get install google-cloud-sdk-gke-gcloud-auth-plugin\nsudo USE_GKE_GCLOUD_AUTH_PLUGIN: True\ngcloud container clusters get-credentials python-cluster --zone=us-east1-b\n\n#install helm on the vm\ncurl -fsSL -o get_helm.sh https://raw.githubusercontent.com/helm/helm/main/scripts/get-helm-3\nchmod 700 get_helm.sh\n./get_helm.sh\n\n#install git to the private VM:\nsudo apt install git -y",
            "min_cpu_platform": "",
            "name": "instance-management",
            "network_interface": [
              {
                "access_config": [],
                "alias_ip_range": [],
                "ipv6_access_config": [],
                "ipv6_access_type": "",
                "name": "nic0",
                "network": "https://www.googleapis.com/compute/v1/projects/hussein-ghoraba/global/networks/vpc-main",
                "network_ip": "10.0.1.2",
                "nic_type": "",
                "queue_count": 0,
                "stack_type": "IPV4_ONLY",
                "subnetwork": "https://www.googleapis.com/compute/v1/projects/hussein-ghoraba/regions/us-east1/subnetworks/management-subnet",
                "subnetwork_project": "hussein-ghoraba"
              }
            ],
            "project": "hussein-ghoraba",
            "reservation_affinity": [],
            "resource_policies": [],
            "scheduling": [
              {
                "automatic_restart": true,
                "instance_termination_action": "",
                "min_node_cpus": 0,
                "node_affinities": [],
                "on_host_maintenance": "MIGRATE",
                "preemptible": false,
                "provisioning_model": "STANDARD"
              }
            ],
            "scratch_disk": [],
            "self_link": "https://www.googleapis.com/compute/v1/projects/hussein-ghoraba/zones/us-east1-b/instances/instance-management",
            "service_account": [
              {
                "email": "vm-service-account@hussein-ghoraba.iam.gserviceaccount.com",
                "scopes": [
                  "https://www.googleapis.com/auth/cloud-platform"
                ]
              }
            ],
            "shielded_instance_config": [
              {
                "enable_integrity_monitoring": true,
                "enable_secure_boot": false,
                "enable_vtpm": true
              }
            ],
            "tags": [],
            "tags_fingerprint": "42WmSpB8rSM=",
            "timeouts": null,
            "zone": "us-east1-b"
          },
          "sensitive_attributes": [],
          "private": "eyJlMmJmYjczMC1lY2FhLTExZTYtOGY4OC0zNDM2M2JjN2M0YzAiOnsiY3JlYXRlIjoxMjAwMDAwMDAwMDAwLCJkZWxldGUiOjEyMDAwMDAwMDAwMDAsInVwZGF0ZSI6MTIwMDAwMDAwMDAwMH0sInNjaGVtYV92ZXJzaW9uIjoiNiJ9",
          "dependencies": [
            "module.VM-SA.google_service_account.default-SA",
            "module.management-subnet.google_compute_subnetwork.default-subnet",
            "module.my-vpc.google_compute_network.vpc_network"
          ]
        }
      ]
    }
  ],
  "check_results": null
}
